{
  "name": "pricewin-hotel-deal-finder",
  "version": "1.1.1",
  "lockfileVersion": 3,
  "requires": true,
  "packages": {
    "": {
      "name": "pricewin-hotel-deal-finder",
      "version": "1.1.1",
      "hasInstallScript": true,
      "dependencies": {
        "patchright": "^1.55.2"
      },
      "bin": {
        "browse": "bin/browse.js"
      },
      "engines": {
        "node": ">=20"
      }
    },
    "node_modules/fsevents": {
      "version": "2.3.2",
      "resolved": "https://registry.npmjs.org/fsevents/-/fsevents-2.3.2.tgz",
      "integrity": "sha512-xiqMQR4xAeHTuB9uWm+fFRcIOgKBMiOBP+eXiyT7jsgVCq1bkVygt00oASowB7EdtpOHaaPgKt812P9ab+DDKA==",
      "hasInstallScript": true,
      "license": "MIT",
      "optional": true,
      "os": [
        "darwin"
      ],
      "engines": {
        "node": "^8.16.0 || ^10.6.0 || >=11.0.0"
      }
    },
    "node_modules/patchright": {
      "version": "1.59.4",
      "resolved": "https://registry.npmjs.org/patchright/-/patchright-1.59.4.tgz",
      "integrity": "sha512-RDZ40tBZHZtTAMoUoct/IpMA1wrozPZGU2RFk8NIDEndOEBbLxS0dH2fRLiwsNrgXgjZGA/3krrTlzK+uFGgoQ==",
      "license": "Apache-2.0",
      "dependencies": {
        "patchright-core": "v1.59.4"
      },
      "bin": {
        "patchright": "cli.js"
      },
      "engines": {
        "node": ">=18"
      },
      "optionalDependencies": {
        "fsevents": "2.3.2"
      }
    },
    "node_modules/patchright-core": {
      "version": "1.59.4",
      "resolved": "https://registry.npmjs.org/patchright-core/-/patchright-core-1.59.4.tgz",
      "integrity": "sha512-7/vyX0XK0cpGKlcnUD+Rhjv5o9rrmZQl4v/NI+EUBed+VaU5EORpkOF0Gdi+fP698fLhY0tXwacKBUqKE38jQA==",
      "license": "Apache-2.0",
      "bin": {
        "patchright-core": "cli.js"
      },
      "engines": {
        "node": ">=18"
      }
    }
  }
}
